{
  "object": {
    "pins": [
      {
        "package": "Networking",
        "repositoryURL": "https://github.com/lucasPelizza/networkingSwift",
        "state": {
          "branch": null,
          "revision": "f87d0a79407a81e75a5a70837668baf01a35d768",
          "version": "0.2.0"
        }
      }
    ]
  },
  "version": 1
}
